// !$*UTF8*$!
{
	archiveVersion = 1;
	classes = {
	};
	objectVersion = 46;
	objects = {

/* Begin PBXBuildFile section */
		58B861641ECAA9A300747EFC /* AppDelegate.swift in Sources */ = {isa = PBXBuildFile; fileRef = 58B861631ECAA9A300747EFC /* AppDelegate.swift */; };
		58B861661ECAA9A300747EFC /* ViewController.swift in Sources */ = {isa = PBXBuildFile; fileRef = 58B861651ECAA9A300747EFC /* ViewController.swift */; };
		58B861691ECAA9A300747EFC /* Main.storyboard in Resources */ = {isa = PBXBuildFile; fileRef = 58B861671ECAA9A300747EFC /* Main.storyboard */; };
		58B8616B1ECAA9A300747EFC /* Assets.xcassets in Resources */ = {isa = PBXBuildFile; fileRef = 58B8616A1ECAA9A300747EFC /* Assets.xcassets */; };
		58B8616E1ECAA9A300747EFC /* LaunchScreen.storyboard in Resources */ = {isa = PBXBuildFile; fileRef = 58B8616C1ECAA9A300747EFC /* LaunchScreen.storyboard */; };
/* End PBXBuildFile section */

/* Begin PBXFileReference section */
		58B861601ECAA9A300747EFC /* iPiggy.app */ = {isa = PBXFileReference; explicitFileType = wrapper.application; includeInIndex = 0; path = iPiggy.app; sourceTree = BUILT_PRODUCTS_DIR; };
		58B861631ECAA9A300747EFC /* AppDelegate.swift */ = {isa = PBXFileReference; lastKnownFileType = sourcecode.swift; path = AppDelegate.swift; sourceTree = "<group>"; };
		58B861651ECAA9A300747EFC /* ViewController.swift */ = {isa = PBXFileReference; lastKnownFileType = sourcecode.swift; path = ViewController.swift; sourceTree = "<group>"; };
		58B861681ECAA9A300747EFC /* Base */ = {isa = PBXFileReference; lastKnownFileType = file.storyboard; name = Base; path = Base.lproj/Main.storyboard; sourceTree = "<group>"; };
		58B8616A1ECAA9A300747EFC /* Assets.xcassets */ = {isa = PBXFileReference; lastKnownFileType = folder.assetcatalog; path = Assets.xcassets; sourceTree = "<group>"; };
		58B8616D1ECAA9A300747EFC /* Base */ = {isa = PBXFileReference; lastKnownFileType = file.storyboard; name = Base; path = Base.lproj/LaunchScreen.storyboard; sourceTree = "<group>"; };
		58B8616F1ECAA9A300747EFC /* Info.plist */ = {isa = PBXFileReference; lastKnownFileType = text.plist.xml; path = Info.plist; sourceTree = "<group>"; };
/* End PBXFileReference section */

/* Begin PBXFrameworksBuildPhase section */
		58B8615D1ECAA9A300747EFC /* Frameworks */ = {
			isa = PBXFrameworksBuildPhase;
			buildActionMask = 2147483647;
			files = (
			);
			runOnlyForDeploymentPostprocessing = 0;
		};
/* End PBXFrameworksBuildPhase section */

/* Begin PBXGroup section */
		58B861571ECAA9A300747EFC = {
			isa = PBXGroup;
			children = (
				58B861621ECAA9A300747EFC /* iPiggy */,
				58B861611ECAA9A300747EFC /* Products */,
			);
			sourceTree = "<group>";
		};
		58B861611ECAA9A300747EFC /* Products */ = {
			isa = PBXGroup;
			children = (
				58B861601ECAA9A300747EFC /* iPiggy.app */,
			);
			name = Products;
			sourceTree = "<group>";
		};
		58B861621ECAA9A300747EFC /* iPiggy */ = {
			isa = PBXGroup;
			children = (
				58B861751ECAA9B500747EFC /* View Controllers */,
				58B861671ECAA9A300747EFC /* Main.storyboard */,
				58B8616A1ECAA9A300747EFC /* Assets.xcassets */,
				58B8616C1ECAA9A300747EFC /* LaunchScreen.storyboard */,
				58B8616F1ECAA9A300747EFC /* Info.plist */,
			);
			path = iPiggy;
			sourceTree = "<group>";
		};
		58B861751ECAA9B500747EFC /* View Controllers */ = {
			isa = PBXGroup;
			children = (
				58B861631ECAA9A300747EFC /* AppDelegate.swift */,
				58B861651ECAA9A300747EFC /* ViewController.swift */,
			);
			name = "View Controllers";
			sourceTree = "<group>";
		};
/* End PBXGroup section */

/* Begin PBXNativeTarget section */
		58B8615F1ECAA9A300747EFC /* iPiggy */ = {
			isa = PBXNativeTarget;
			buildConfigurationList = 58B861721ECAA9A300747EFC /* Build configuration list for PBXNativeTarget "iPiggy" */;
			buildPhases = (
				58B8615C1ECAA9A300747EFC /* Sources */,
				58B8615D1ECAA9A300747EFC /* Frameworks */,
				58B8615E1ECAA9A300747EFC /* Resources */,
			);
			buildRules = (
			);
			dependencies = (
			);
			name = iPiggy;
			productName = iPiggy;
			productReference = 58B861601ECAA9A300747EFC /* iPiggy.app */;
			productType = "com.apple.product-type.application";
		};
/* End PBXNativeTarget section */

/* Begin PBXProject section */
		58B861581ECAA9A300747EFC /* Project object */ = {
			isa = PBXProject;
			attributes = {
				LastSwiftUpdateCheck = 0830;
				LastUpgradeCheck = 0830;
				ORGANIZATIONNAME = ZEUSOFOHIO;
				TargetAttributes = {
					58B8615F1ECAA9A300747EFC = {
						CreatedOnToolsVersion = 8.3.2;
						DevelopmentTeam = 4237GNQ997;
						ProvisioningStyle = Automatic;
					};
				};
			};
			buildConfigurationList = 58B8615B1ECAA9A300747EFC /* Build configuration list for PBXProject "iPiggy" */;
			compatibilityVersion = "Xcode 3.2";
			developmentRegion = English;
			hasScannedForEncodings = 0;
			knownRegions = (
				en,
				Base,
			);
			mainGroup = 58B861571ECAA9A300747EFC;
			productRefGroup = 58B861611ECAA9A300747EFC /* Products */;
			projectDirPath = "";
			projectRoot = "";
			targets = (
				58B8615F1ECAA9A300747EFC /* iPiggy */,
			);
		};
/* End PBXProject section */

/* Begin PBXResourcesBuildPhase section */
		58B8615E1ECAA9A300747EFC /* Resources */ = {
			isa = PBXResourcesBuildPhase;
			buildActionMask = 2147483647;
			files = (
				58B8616E1ECAA9A300747EFC /* LaunchScreen.storyboard in Resources */,
				58B8616B1ECAA9A300747EFC /* Assets.xcassets in Resources */,
				58B861691ECAA9A300747EFC /* Main.storyboard in Resources */,
			);
			runOnlyForDeploymentPostprocessing = 0;
		};
/* End PBXResourcesBuildPhase section */

/* Begin PBXSourcesBuildPhase section */
		58B8615C1ECAA9A300747EFC /* Sources */ = {
			isa = PBXSourcesBuildPhase;
			buildActionMask = 2147483647;
			files = (
				58B861661ECAA9A300747EFC /* ViewController.swift in Sources */,
				58B861641ECAA9A300747EFC /* AppDelegate.swift in Sources */,
			);
			runOnlyForDeploymentPostprocessing = 0;
		};
/* End PBXSourcesBuildPhase section */

/* Begin PBXVariantGroup section */
		58B861671ECAA9A300747EFC /* Main.storyboard */ = {
			isa = PBXVariantGroup;
			children = (
				58B861681ECAA9A300747EFC /* Base */,
			);
			name = Main.storyboard;
			sourceTree = "<group>";
		};
		58B8616C1ECAA9A300747EFC /* LaunchScreen.storyboard */ = {
			isa = PBXVariantGroup;
			children = (
				58B8616D1ECAA9A300747EFC /* Base */,
			);
			name = LaunchScreen.storyboard;
			sourceTree = "<group>";
		};
/* End PBXVariantGroup section */

/* Begin XCBuildConfiguration section */
		58B861701ECAA9A300747EFC /* Debug */ = {
			isa = XCBuildConfiguration;
			buildSettings = {
				ALWAYS_SEARCH_USER_PATHS = NO;
				CLANG_ANALYZER_NONNULL = YES;
				CLANG_ANALYZER_NUMBER_OBJECT_CONVERSION = YES_AGGRESSIVE;
				CLANG_CXX_LANGUAGE_STANDARD = "gnu++0x";
				CLANG_CXX_LIBRARY = "libc++";
				CLANG_ENABLE_MODULES = YES;
				CLANG_ENABLE_OBJC_ARC = YES;
				CLANG_WARN_BOOL_CONVERSION = YES;
				CLANG_WARN_CONSTANT_CONVERSION = YES;
				CLANG_WARN_DIRECT_OBJC_ISA_USAGE = YES_ERROR;
				CLANG_WARN_DOCUMENTATION_COMMENTS = YES;
				CLANG_WARN_EMPTY_BODY = YES;
				CLANG_WARN_ENUM_CONVERSION = YES;
				CLANG_WARN_INFINITE_RECURSION = YES;
				CLANG_WARN_INT_CONVERSION = YES;
				CLANG_WARN_OBJC_ROOT_CLASS = YES_ERROR;
				CLANG_WARN_SUSPICIOUS_MOVE = YES;
				CLANG_WARN_UNREACHABLE_CODE = YES;
				CLANG_WARN__DUPLICATE_METHOD_MATCH = YES;
				"CODE_SIGN_IDENTITY[sdk=iphoneos*]" = "iPhone Developer";
				COPY_PHASE_STRIP = NO;
				DEBUG_INFORMATION_FORMAT = dwarf;
				ENABLE_STRICT_OBJC_MSGSEND = YES;
				ENABLE_TESTABILITY = YES;
				GCC_C_LANGUAGE_STANDARD = gnu99;
				GCC_DYNAMIC_NO_PIC = NO;
				GCC_NO_COMMON_BLOCKS = YES;
				GCC_OPTIMIZATION_LEVEL = 0;
				GCC_PREPROCESSOR_DEFINITIONS = (
					"DEBUG=1",
					"$(inherited)",
				);
				GCC_WARN_64_TO_32_BIT_CONVERSION = YES;
				GCC_WARN_ABOUT_RETURN_TYPE = YES_ERROR;
				GCC_WARN_UNDECLARED_SELECTOR = YES;
				GCC_WARN_UNINITIALIZED_AUTOS = YES_AGGRESSIVE;
				GCC_WARN_UNUSED_FUNCTION = YES;
				GCC_WARN_UNUSED_VARIABLE = YES;
				IPHONEOS_DEPLOYMENT_TARGET = 10.3;
				MTL_ENABLE_DEBUG_INFO = YES;
				ONLY_ACTIVE_ARCH = YES;
				SDKROOT = iphoneos;
				SWIFT_ACTIVE_COMPILATION_CONDITIONS = DEBUG;
				SWIFT_OPTIMIZATION_LEVEL = "-Onone";
			};
			name = Debug;
		};
		58B861711ECAA9A300747EFC /* Release */ = {
			isa = XCBuildConfiguration;
			buildSettings = {
				ALWAYS_SEARCH_USER_PATHS = NO;
				CLANG_ANALYZER_NONNULL = YES;
				CLANG_ANALYZER_NUMBER_OBJECT_CONVERSION = YES_AGGRESSIVE;
				CLANG_CXX_LANGUAGE_STANDARD = "gnu++0x";
				CLANG_CXX_LIBRARY = "libc++";
				CLANG_ENABLE_MODULES = YES;
				CLANG_ENABLE_OBJC_ARC = YES;
				CLANG_WARN_BOOL_CONVERSION = YES;
				CLANG_WARN_CONSTANT_CONVERSION = YES;
				CLANG_WARN_DIRECT_OBJC_ISA_USAGE = YES_ERROR;
				CLANG_WARN_DOCUMENTATION_COMMENTS = YES;
				CLANG_WARN_EMPTY_BODY = YES;
				CLANG_WARN_ENUM_CONVERSION = YES;
				CLANG_WARN_INFINITE_RECURSION = YES;
				CLANG_WARN_INT_CONVERSION = YES;
				CLANG_WARN_OBJC_ROOT_CLASS = YES_ERROR;
				CLANG_WARN_SUSPICIOUS_MOVE = YES;
				CLANG_WARN_UNREACHABLE_CODE = YES;
				CLANG_WARN__DUPLICATE_METHOD_MATCH = YES;
				"CODE_SIGN_IDENTITY[sdk=iphoneos*]" = "iPhone Developer";
				COPY_PHASE_STRIP = NO;
				DEBUG_INFORMATION_FORMAT = "dwarf-with-dsym";
				ENABLE_NS_ASSERTIONS = NO;
				ENABLE_STRICT_OBJC_MSGSEND = YES;
				GCC_C_LANGUAGE_STANDARD = gnu99;
				GCC_NO_COMMON_BLOCKS = YES;
				GCC_WARN_64_TO_32_BIT_CONVERSION = YES;
				GCC_WARN_ABOUT_RETURN_TYPE = YES_ERROR;
				GCC_WARN_UNDECLARED_SELECTOR = YES;
				GCC_WARN_UNINITIALIZED_AUTOS = YES_AGGRESSIVE;
				GCC_WARN_UNUSED_FUNCTION = YES;
				GCC_WARN_UNUSED_VARIABLE = YES;
				IPHONEOS_DEPLOYMENT_TARGET = 10.3;
				MTL_ENABLE_DEBUG_INFO = NO;
				SDKROOT = iphoneos;
				SWIFT_OPTIMIZATION_LEVEL = "-Owholemodule";
				VALIDATE_PRODUCT = YES;
			};
			name = Release;
		};
		58B861731ECAA9A300747EFC /* Debug */ = {
			isa = XCBuildConfiguration;
			buildSettings = {
				ASSETCATALOG_COMPILER_APPICON_NAME = AppIcon;
				DEVELOPMENT_TEAM = 4237GNQ997;
				INFOPLIST_FILE = iPiggy/Info.plist;
				LD_RUNPATH_SEARCH_PATHS = "$(inherited) @executable_path/Frameworks";
				PRODUCT_BUNDLE_IDENTIFIER = com.zeusofohio.iPiggy;
				PRODUCT_NAME = "$(TARGET_NAME)";
				SWIFT_VERSION = 3.0;
			};
			name = Debug;
		};
		58B861741ECAA9A300747EFC /* Release */ = {
			isa = XCBuildConfiguration;
			buildSettings = {
				ASSETCATALOG_COMPILER_APPICON_NAME = AppIcon;
				DEVELOPMENT_TEAM = 4237GNQ997;
				INFOPLIST_FILE = iPiggy/Info.plist;
				LD_RUNPATH_SEARCH_PATHS = "$(inherited) @executable_path/Frameworks";
				PRODUCT_BUNDLE_IDENTIFIER = com.zeusofohio.iPiggy;
				PRODUCT_NAME = "$(TARGET_NAME)";
				SWIFT_VERSION = 3.0;
			};
			name = Release;
		};
/* End XCBuildConfiguration section */

/* Begin XCConfigurationList section */
		58B8615B1ECAA9A300747EFC /* Build configuration list for PBXProject "iPiggy" */ = {
			isa = XCConfigurationList;
			buildConfigurations = (
				58B861701ECAA9A300747EFC /* Debug */,
				58B861711ECAA9A300747EFC /* Release */,
			);
			defaultConfigurationIsVisible = 0;
			defaultConfigurationName = Release;
		};
		58B861721ECAA9A300747EFC /* Build configuration list for PBXNativeTarget "iPiggy" */ = {
			isa = XCConfigurationList;
			buildConfigurations = (
				58B861731ECAA9A300747EFC /* Debug */,
				58B861741ECAA9A300747EFC /* Release */,
			);
			defaultConfigurationIsVisible = 0;
		};
/* End XCConfigurationList section */
	};
	rootObject = 58B861581ECAA9A300747EFC /* Project object */;
}
